Microsoft Visual Studio Solution File, Format Version 12.00
# Visual Studio Version 17
VisualStudioVersion = 17.5.2.0
MinimumVisualStudioVersion = 10.0.40219.1
Project("{FAE04EC0-301F-11D3-BF4B-00C04F79EFBC}") = "Frontend-tests", "Frontend-tests.csproj", "{BAD66108-7ED7-0A51-40E9-A7A4084E5DD7}"
EndProject
Global
	GlobalSection(SolutionConfigurationPlatforms) = preSolution
		Debug|Any CPU = Debug|Any CPU
		Release|Any CPU = Release|Any CPU
	EndGlobalSection
	GlobalSection(ProjectConfigurationPlatforms) = postSolution
		{BAD66108-7ED7-0A51-40E9-A7A4084E5DD7}.Debug|Any CPU.ActiveCfg = Debug|Any CPU
		{BAD66108-7ED7-0A51-40E9-A7A4084E5DD7}.Debug|Any CPU.Build.0 = Debug|Any CPU
		{BAD66108-7ED7-0A51-40E9-A7A4084E5DD7}.Release|Any CPU.ActiveCfg = Release|Any CPU
		{BAD66108-7ED7-0A51-40E9-A7A4084E5DD7}.Release|Any CPU.Build.0 = Release|Any CPU
	EndGlobalSection
	GlobalSection(SolutionProperties) = preSolution
		HideSolutionNode = FALSE
	EndGlobalSection
	GlobalSection(ExtensibilityGlobals) = postSolution
		SolutionGuid = {3FC71576-CD6A-4052-A5B5-F233EC8464DB}
	EndGlobalSection
EndGlobal
